
Microsoft Visual Studio Solution File, Format Version 12.00
# Visual Studio Version 17
VisualStudioVersion = 17.5.33502.453
MinimumVisualStudioVersion = 10.0.40219.1
Project("{FAE04EC0-301F-11D3-BF4B-00C04F79EFBC}") = "ZenTranslatenator", "ZenTranslatenator\ZenTranslatenator.csproj", "{AA559859-6A06-48CA-AE88-7BF28C7DF680}"
EndProject
Global
	GlobalSection(SolutionConfigurationPlatforms) = preSolution
		Debug|Any CPU = Debug|Any CPU
		Release|Any CPU = Release|Any CPU
	EndGlobalSection
	GlobalSection(ProjectConfigurationPlatforms) = postSolution
		{AA559859-6A06-48CA-AE88-7BF28C7DF680}.Debug|Any CPU.ActiveCfg = Debug|Any CPU
		{AA559859-6A06-48CA-AE88-7BF28C7DF680}.Debug|Any CPU.Build.0 = Debug|Any CPU
		{AA559859-6A06-48CA-AE88-7BF28C7DF680}.Release|Any CPU.ActiveCfg = Release|Any CPU
		{AA559859-6A06-48CA-AE88-7BF28C7DF680}.Release|Any CPU.Build.0 = Release|Any CPU
	EndGlobalSection
	GlobalSection(SolutionProperties) = preSolution
		HideSolutionNode = FALSE
	EndGlobalSection
	GlobalSection(ExtensibilityGlobals) = postSolution
		SolutionGuid = {02EE9256-F41F-4D88-A64F-D0ACA5B435B1}
	EndGlobalSection
EndGlobal
